
Microsoft Visual Studio Solution File, Format Version 12.00
# Visual Studio Version 17
VisualStudioVersion = 17.3.32804.467
MinimumVisualStudioVersion = 10.0.40219.1
Project("{FAE04EC0-301F-11D3-BF4B-00C04F79EFBC}") = "WebAppCRUDADO", "WebAppCRUDADO\WebAppCRUDADO.csproj", "{9992ECF8-A083-4262-B701-047BD616826F}"
EndProject
Project("{FAE04EC0-301F-11D3-BF4B-00C04F79EFBC}") = "DataAccess", "DataAccess\DataAccess.csproj", "{60871455-C2A0-4058-9FB5-068546D43A12}"
EndProject
Global
	GlobalSection(SolutionConfigurationPlatforms) = preSolution
		Debug|Any CPU = Debug|Any CPU
		Release|Any CPU = Release|Any CPU
	EndGlobalSection
	GlobalSection(ProjectConfigurationPlatforms) = postSolution
		{9992ECF8-A083-4262-B701-047BD616826F}.Debug|Any CPU.ActiveCfg = Debug|Any CPU
		{9992ECF8-A083-4262-B701-047BD616826F}.Debug|Any CPU.Build.0 = Debug|Any CPU
		{9992ECF8-A083-4262-B701-047BD616826F}.Release|Any CPU.ActiveCfg = Release|Any CPU
		{9992ECF8-A083-4262-B701-047BD616826F}.Release|Any CPU.Build.0 = Release|Any CPU
		{60871455-C2A0-4058-9FB5-068546D43A12}.Debug|Any CPU.ActiveCfg = Debug|Any CPU
		{60871455-C2A0-4058-9FB5-068546D43A12}.Debug|Any CPU.Build.0 = Debug|Any CPU
		{60871455-C2A0-4058-9FB5-068546D43A12}.Release|Any CPU.ActiveCfg = Release|Any CPU
		{60871455-C2A0-4058-9FB5-068546D43A12}.Release|Any CPU.Build.0 = Release|Any CPU
	EndGlobalSection
	GlobalSection(SolutionProperties) = preSolution
		HideSolutionNode = FALSE
	EndGlobalSection
	GlobalSection(ExtensibilityGlobals) = postSolution
		SolutionGuid = {A5F2F62E-6131-4C85-91E7-A5FCC4DABCEC}
	EndGlobalSection
EndGlobal
